
Microsoft Visual Studio Solution File, Format Version 12.00
# Visual Studio Version 17
VisualStudioVersion = 17.9.34701.34
MinimumVisualStudioVersion = 10.0.40219.1
Project("{FAE04EC0-301F-11D3-BF4B-00C04F79EFBC}") = "Static, Interface, Extension", "Static, Interface, Extension\Static, Interface, Extension.csproj", "{6C3887A8-0BA9-4D0F-BA86-D9AE484AF413}"
EndProject
Global
	GlobalSection(SolutionConfigurationPlatforms) = preSolution
		Debug|Any CPU = Debug|Any CPU
		Release|Any CPU = Release|Any CPU
	EndGlobalSection
	GlobalSection(ProjectConfigurationPlatforms) = postSolution
		{6C3887A8-0BA9-4D0F-BA86-D9AE484AF413}.Debug|Any CPU.ActiveCfg = Debug|Any CPU
		{6C3887A8-0BA9-4D0F-BA86-D9AE484AF413}.Debug|Any CPU.Build.0 = Debug|Any CPU
		{6C3887A8-0BA9-4D0F-BA86-D9AE484AF413}.Release|Any CPU.ActiveCfg = Release|Any CPU
		{6C3887A8-0BA9-4D0F-BA86-D9AE484AF413}.Release|Any CPU.Build.0 = Release|Any CPU
	EndGlobalSection
	GlobalSection(SolutionProperties) = preSolution
		HideSolutionNode = FALSE
	EndGlobalSection
	GlobalSection(ExtensibilityGlobals) = postSolution
		SolutionGuid = {81FD90A4-6386-4001-A103-CA02E2350FD2}
	EndGlobalSection
EndGlobal
